
Microsoft Visual Studio Solution File, Format Version 12.00
# Visual Studio Version 17
VisualStudioVersion = 17.5.002.0
MinimumVisualStudioVersion = 10.0.40219.1
Project("{9A19103F-16F7-4668-BE54-9A1E7A4F7556}") = "C++++Begin", "C++++Begin.csproj", "{80487252-A185-475A-9A63-1EFE0D25CD0A}"
EndProject
Global
	GlobalSection(SolutionConfigurationPlatforms) = preSolution
		Debug|Any CPU = Debug|Any CPU
		Release|Any CPU = Release|Any CPU
	EndGlobalSection
	GlobalSection(ProjectConfigurationPlatforms) = postSolution
		{80487252-A185-475A-9A63-1EFE0D25CD0A}.Debug|Any CPU.ActiveCfg = Debug|Any CPU
		{80487252-A185-475A-9A63-1EFE0D25CD0A}.Debug|Any CPU.Build.0 = Debug|Any CPU
		{80487252-A185-475A-9A63-1EFE0D25CD0A}.Release|Any CPU.ActiveCfg = Release|Any CPU
		{80487252-A185-475A-9A63-1EFE0D25CD0A}.Release|Any CPU.Build.0 = Release|Any CPU
	EndGlobalSection
	GlobalSection(SolutionProperties) = preSolution
		HideSolutionNode = FALSE
	EndGlobalSection
	GlobalSection(ExtensibilityGlobals) = postSolution
		SolutionGuid = {CB96DC2B-372D-49EA-964D-12E7F8D9C50A}
	EndGlobalSection
EndGlobal
